
Microsoft Visual Studio Solution File, Format Version 12.00
# Visual Studio Version 17
VisualStudioVersion = 17.4.33213.308
MinimumVisualStudioVersion = 10.0.40219.1
Project("{9A19103F-16F7-4668-BE54-9A1E7A4F7556}") = "NuJournalPro", "NuJournalPro.csproj", "{982200D1-34DB-4178-8734-55BEC848143F}"
EndProject
Global
	GlobalSection(SolutionConfigurationPlatforms) = preSolution
		Debug|Any CPU = Debug|Any CPU
		Release|Any CPU = Release|Any CPU
	EndGlobalSection
	GlobalSection(ProjectConfigurationPlatforms) = postSolution
		{982200D1-34DB-4178-8734-55BEC848143F}.Debug|Any CPU.ActiveCfg = Debug|Any CPU
		{982200D1-34DB-4178-8734-55BEC848143F}.Debug|Any CPU.Build.0 = Debug|Any CPU
		{982200D1-34DB-4178-8734-55BEC848143F}.Release|Any CPU.ActiveCfg = Release|Any CPU
		{982200D1-34DB-4178-8734-55BEC848143F}.Release|Any CPU.Build.0 = Release|Any CPU
	EndGlobalSection
	GlobalSection(SolutionProperties) = preSolution
		HideSolutionNode = FALSE
	EndGlobalSection
	GlobalSection(ExtensibilityGlobals) = postSolution
		SolutionGuid = {87966736-EA95-4BDC-AB0F-2981A18FDEB9}
	EndGlobalSection
EndGlobal
